
Microsoft Visual Studio Solution File, Format Version 12.00
# Visual Studio Version 17
VisualStudioVersion = 17.2.32616.157
MinimumVisualStudioVersion = 10.0.40219.1
Project("{9A19103F-16F7-4668-BE54-9A1E7A4F7556}") = "MultiDelete", "MultiDelete\MultiDelete.csproj", "{5CA3FF74-7B4B-46BC-AFD2-E7898D936AFC}"
EndProject
Global
	GlobalSection(SolutionConfigurationPlatforms) = preSolution
		Debug|Any CPU = Debug|Any CPU
		Release|Any CPU = Release|Any CPU
	EndGlobalSection
	GlobalSection(ProjectConfigurationPlatforms) = postSolution
		{5CA3FF74-7B4B-46BC-AFD2-E7898D936AFC}.Debug|Any CPU.ActiveCfg = Debug|Any CPU
		{5CA3FF74-7B4B-46BC-AFD2-E7898D936AFC}.Debug|Any CPU.Build.0 = Debug|Any CPU
		{5CA3FF74-7B4B-46BC-AFD2-E7898D936AFC}.Release|Any CPU.ActiveCfg = Release|Any CPU
		{5CA3FF74-7B4B-46BC-AFD2-E7898D936AFC}.Release|Any CPU.Build.0 = Release|Any CPU
	EndGlobalSection
	GlobalSection(SolutionProperties) = preSolution
		HideSolutionNode = FALSE
	EndGlobalSection
	GlobalSection(ExtensibilityGlobals) = postSolution
		SolutionGuid = {D315959A-CA5C-47FA-A3DA-FAE190DD5AC8}
	EndGlobalSection
EndGlobal
